# This file was autogenerated by Stack.
# You should not edit this file by hand.
# For more information, please see the documentation at:
#   https://docs.haskellstack.org/en/stable/lock_files

packages:
- completed:
    hackage: unordered-containers-0.2.13.0@sha256:6310c636f92ed4908fdd0de582b6be31c2851c7b5f2ec14e9f416eb94df7a078,4978
    pantry-tree:
      size: 1388
      sha256: 0cdd70d603c621e2b184ff7baa232af8a88a01745710b975b97df63e92c700dd
  original:
    hackage: unordered-containers-0.2.13.0@sha256:6310c636f92ed4908fdd0de582b6be31c2851c7b5f2ec14e9f416eb94df7a078,4978
snapshots:
- completed:
    size: 491163
    url: https://raw.githubusercontent.com/commercialhaskell/stackage-snapshots/master/lts/15/4.yaml
    sha256: bc60043a06b58902b533baa80fb566c0ec495c41e428bc0f8c1e8c15b2a4c468
  original: lts-15.4
